# THIS IS AN AUTOGENERATED FILE. DO NOT EDIT THIS FILE DIRECTLY.
# yarn lockfile v1


lib@*:
  version "5.1.0"
  resolved "https://gyg-internal-npm-repo-632572904405.d.codeartifact.ap-southeast-2.amazonaws.com/npm/bhyve/lib/-/lib-5.1.0.tgz#5d219e2ff9abb8526c2189e2479e2c44c65e9d36"
  integrity sha512-RqaGSpLSf6vtSls86+kUqMuQkNiXLtUFbKrh/mKOuZmi3ENJOXHsScw8/grKOLzDgYTgOvpFPGgmNsEh5f2yuA==
